PODS:
  - Hero (1.0.1)
  - KeyboardAdjuster (3.0.2)
  - LionheartExtensions (3.9.0):
    - LionheartExtensions/Core (= 3.9.0)
  - LionheartExtensions/Core (3.9.0)
  - Presentr (1.3)
  - QuickTableView (2.6.0):
    - KeyboardAdjuster (~> 3)
  - SuperLayout (1.0.0):
    - SuperLayout/Core (= 1.0.0)
  - SuperLayout/Core (1.0.0)
  - SwiftyUserDefaults (3.0.0)

DEPENDENCIES:
  - Hero
  - LionheartExtensions (~> 3.9)
  - Presentr (from `../Presentr`)
  - QuickTableView (~> 2)
  - SuperLayout
  - SwiftyUserDefaults (~> 3)

EXTERNAL SOURCES:
  Presentr:
    :path: ../Presentr

SPEC CHECKSUMS:
  Hero: cee286821578e170d8c0c9c9cda7897357401112
  KeyboardAdjuster: 8391eadd333fefaacaf110c9dfcbb07a2f6b3404
  LionheartExtensions: ab78c9015d37d7cd2487419d80abf83a96832ea8
  Presentr: 88a07295114710dc998f60a0231c22f23c729661
  QuickTableView: 284a0085bec96a9fc8ca6062c924cce19c1c351e
  SuperLayout: 1c273e339a8f0b98ee33f5504e1a81a95108d7fd
  SwiftyUserDefaults: 0f1d45fc3aafb9064dac661e367f8f83fe21a4b4

PODFILE CHECKSUM: fc6ea2164a21003178f25c06bb79d46d026cb17a

COCOAPODS: 1.4.0
