PODS:
  - Hero (1.4.0)
  - KeyboardAdjuster (4.0.0)
  - LionheartExtensions (4.1.0):
    - LionheartExtensions/Core (= 4.1.0)
  - LionheartExtensions/Core (4.1.0)
  - Presentr (1.9)
  - QuickTableView (3.0.0):
    - KeyboardAdjuster (~> 4)
  - SuperLayout (2.0.0):
    - SuperLayout/Core (= 2.0.0)
  - SuperLayout/Core (2.0.0)
  - SwiftyUserDefaults (3.0.1)

DEPENDENCIES:
  - Hero
  - LionheartExtensions
  - Presentr
  - QuickTableView
  - SuperLayout
  - SwiftyUserDefaults

SPEC REPOS:
  https://github.com/cocoapods/specs.git:
    - Hero
    - KeyboardAdjuster
    - LionheartExtensions
    - Presentr
    - QuickTableView
    - SuperLayout
    - SwiftyUserDefaults

SPEC CHECKSUMS:
  Hero: bac92350d7201a1a940003e0767c7b52ce7c99a1
  KeyboardAdjuster: 50eec4e8d52fd5d7f5df74fc07193cdadcc88abb
  LionheartExtensions: 24b54157207062e01e885d10e64aec473c475dd0
  Presentr: 7078d7eb5d1661ebeaae60c9e42a1e534de1b993
  QuickTableView: 296b258f41ac91521ae517404646da4beab73fa3
  SuperLayout: 0208ad821522fb50b62d9b8b808690d190a871ea
  SwiftyUserDefaults: 3d273b1739b68ada3145dc754a70ec775bc5c8be

PODFILE CHECKSUM: 4cf414a71e9a8eb40522868d31956e4a03fe4952

COCOAPODS: 1.5.3
