// !$*UTF8*$!
{
	archiveVersion = 1;
	classes = {
	};
	objectVersion = 48;
	objects = {

/* Begin PBXBuildFile section */
		37119B1E1FBA771300322F63 /* PlainButton.swift in Sources */ = {isa = PBXBuildFile; fileRef = 37119B1D1FBA771300322F63 /* PlainButton.swift */; };
		37119B201FBA791200322F63 /* ShortPlainButton.swift in Sources */ = {isa = PBXBuildFile; fileRef = 37119B1F1FBA791200322F63 /* ShortPlainButton.swift */; };
		37119B221FBA7B6300322F63 /* ShortPlainAlternateButton.swift in Sources */ = {isa = PBXBuildFile; fileRef = 37119B211FBA7B6300322F63 /* ShortPlainAlternateButton.swift */; };
		3731B2161FBBA101003A8FD0 /* NotchyNavigationController.swift in Sources */ = {isa = PBXBuildFile; fileRef = 3731B2151FBBA101003A8FD0 /* NotchyNavigationController.swift */; };
		3731B21A1FBBD431003A8FD0 /* iPhoneXSpaceGray.png in Resources */ = {isa = PBXBuildFile; fileRef = 3731B2191FBBD431003A8FD0 /* iPhoneXSpaceGray.png */; };
		3739C9C81FB136CE00F461A8 /* AppDelegate.swift in Sources */ = {isa = PBXBuildFile; fileRef = 3739C9C71FB136CE00F461A8 /* AppDelegate.swift */; };
		3739C9CF1FB136CE00F461A8 /* Assets.xcassets in Resources */ = {isa = PBXBuildFile; fileRef = 3739C9CE1FB136CE00F461A8 /* Assets.xcassets */; };
		3739C9D21FB136CE00F461A8 /* LaunchScreen.storyboard in Resources */ = {isa = PBXBuildFile; fileRef = 3739C9D01FB136CE00F461A8 /* LaunchScreen.storyboard */; };
		3739C9DA1FB13B9800F461A8 /* GridViewController.swift in Sources */ = {isa = PBXBuildFile; fileRef = 3739C9D91FB13B9800F461A8 /* GridViewController.swift */; };
		3739C9DC1FB13BF700F461A8 /* AssetViewController.swift in Sources */ = {isa = PBXBuildFile; fileRef = 3739C9DB1FB13BF700F461A8 /* AssetViewController.swift */; };
		3739C9DE1FB13C0C00F461A8 /* GridViewCell.swift in Sources */ = {isa = PBXBuildFile; fileRef = 3739C9DD1FB13C0C00F461A8 /* GridViewCell.swift */; };
		3739C9E01FB13C3600F461A8 /* AnimatedImageView.swift in Sources */ = {isa = PBXBuildFile; fileRef = 3739C9DF1FB13C3600F461A8 /* AnimatedImageView.swift */; };
		3739C9E21FB13C4D00F461A8 /* AnimatedImage.swift in Sources */ = {isa = PBXBuildFile; fileRef = 3739C9E11FB13C4D00F461A8 /* AnimatedImage.swift */; };
		3739C9E41FB13FC800F461A8 /* RequestAccessViewController.swift in Sources */ = {isa = PBXBuildFile; fileRef = 3739C9E31FB13FC800F461A8 /* RequestAccessViewController.swift */; };
		373FA05F1FBCD8F100C29902 /* NotchyAlertView.swift in Sources */ = {isa = PBXBuildFile; fileRef = 373FA05E1FBCD8F100C29902 /* NotchyAlertView.swift */; };
		373FA0681FBD018100C29902 /* NotchyAlertViewController.swift in Sources */ = {isa = PBXBuildFile; fileRef = 373FA0671FBD018100C29902 /* NotchyAlertViewController.swift */; };
		373FA06A1FBD05FC00C29902 /* Montserrat-Regular.otf in Resources */ = {isa = PBXBuildFile; fileRef = 373FA0691FBD05FC00C29902 /* Montserrat-Regular.otf */; };
		373FA06C1FBD065E00C29902 /* UIFont+Notchy.swift in Sources */ = {isa = PBXBuildFile; fileRef = 373FA06B1FBD065E00C29902 /* UIFont+Notchy.swift */; };
		373FA06E1FBD077F00C29902 /* Montserrat-Medium.otf in Resources */ = {isa = PBXBuildFile; fileRef = 373FA06D1FBD077F00C29902 /* Montserrat-Medium.otf */; };
		373FA0721FBD118400C29902 /* ExtraStuffView.swift in Sources */ = {isa = PBXBuildFile; fileRef = 373FA0711FBD118400C29902 /* ExtraStuffView.swift */; };
		373FA0741FBE283000C29902 /* ExtraStuffViewController.swift in Sources */ = {isa = PBXBuildFile; fileRef = 373FA0731FBE283000C29902 /* ExtraStuffViewController.swift */; };
		373FA0761FBE2BFD00C29902 /* NotchyAlertAnimation.swift in Sources */ = {isa = PBXBuildFile; fileRef = 373FA0751FBE2BFD00C29902 /* NotchyAlertAnimation.swift */; };
		373FA0781FBE67D700C29902 /* ClearBackground.png in Resources */ = {isa = PBXBuildFile; fileRef = 373FA0771FBE67D600C29902 /* ClearBackground.png */; };
		373FA07A1FBE7AB600C29902 /* iPhoneXSpaceGray2.png in Resources */ = {isa = PBXBuildFile; fileRef = 373FA0791FBE7AB500C29902 /* iPhoneXSpaceGray2.png */; };
		374BC9921FB68C7F00FB7AA2 /* WelcomeViewController.swift in Sources */ = {isa = PBXBuildFile; fileRef = 374BC9911FB68C7F00FB7AA2 /* WelcomeViewController.swift */; };
		374BC9941FB68FB800FB7AA2 /* RoundedButton.swift in Sources */ = {isa = PBXBuildFile; fileRef = 374BC9931FB68FB800FB7AA2 /* RoundedButton.swift */; };
		37931ACA1FB752C700C03BB0 /* AccessDeniedViewController.swift in Sources */ = {isa = PBXBuildFile; fileRef = 37931AC91FB752C700C03BB0 /* AccessDeniedViewController.swift */; };
		37931ACC1FB75B4A00C03BB0 /* UIImage+Notchy.swift in Sources */ = {isa = PBXBuildFile; fileRef = 37931ACB1FB75B4A00C03BB0 /* UIImage+Notchy.swift */; };
		37931ACE1FB7974A00C03BB0 /* SingleImageViewController.swift in Sources */ = {isa = PBXBuildFile; fileRef = 37931ACD1FB7974A00C03BB0 /* SingleImageViewController.swift */; };
		37931AD01FB7AC5100C03BB0 /* NotchyToolbar.swift in Sources */ = {isa = PBXBuildFile; fileRef = 37931ACF1FB7AC5100C03BB0 /* NotchyToolbar.swift */; };
		37931AD21FB7AC9E00C03BB0 /* NotchyGradientView.swift in Sources */ = {isa = PBXBuildFile; fileRef = 37931AD11FB7AC9E00C03BB0 /* NotchyGradientView.swift */; };
		37931AD61FB8A8B300C03BB0 /* BlackBackground.png in Resources */ = {isa = PBXBuildFile; fileRef = 37931AD51FB8A8B300C03BB0 /* BlackBackground.png */; };
		37931AD81FB8D8FF00C03BB0 /* PHAsset+Notchy.swift in Sources */ = {isa = PBXBuildFile; fileRef = 37931AD71FB8D8FF00C03BB0 /* PHAsset+Notchy.swift */; };
		37AA9EE71FC263C200B20697 /* Defaults.swift in Sources */ = {isa = PBXBuildFile; fileRef = 37AA9EE61FC263C200B20697 /* Defaults.swift */; };
		37AA9EE91FC2757200B20697 /* ClearMask.png in Resources */ = {isa = PBXBuildFile; fileRef = 37AA9EE81FC2757100B20697 /* ClearMask.png */; };
		C3DA5ABFE88745E627458977 /* Pods_Notchy.framework in Frameworks */ = {isa = PBXBuildFile; fileRef = 9B5903BFF1D141CF6F0AA328 /* Pods_Notchy.framework */; };
/* End PBXBuildFile section */

/* Begin PBXFileReference section */
		37119B1D1FBA771300322F63 /* PlainButton.swift */ = {isa = PBXFileReference; lastKnownFileType = sourcecode.swift; path = PlainButton.swift; sourceTree = "<group>"; };
		37119B1F1FBA791200322F63 /* ShortPlainButton.swift */ = {isa = PBXFileReference; lastKnownFileType = sourcecode.swift; path = ShortPlainButton.swift; sourceTree = "<group>"; };
		37119B211FBA7B6300322F63 /* ShortPlainAlternateButton.swift */ = {isa = PBXFileReference; lastKnownFileType = sourcecode.swift; path = ShortPlainAlternateButton.swift; sourceTree = "<group>"; };
		3731B2151FBBA101003A8FD0 /* NotchyNavigationController.swift */ = {isa = PBXFileReference; lastKnownFileType = sourcecode.swift; path = NotchyNavigationController.swift; sourceTree = "<group>"; };
		3731B2191FBBD431003A8FD0 /* iPhoneXSpaceGray.png */ = {isa = PBXFileReference; lastKnownFileType = image.png; path = iPhoneXSpaceGray.png; sourceTree = "<group>"; };
		3739C9C41FB136CE00F461A8 /* Notchy.app */ = {isa = PBXFileReference; explicitFileType = wrapper.application; includeInIndex = 0; path = Notchy.app; sourceTree = BUILT_PRODUCTS_DIR; };
		3739C9C71FB136CE00F461A8 /* AppDelegate.swift */ = {isa = PBXFileReference; lastKnownFileType = sourcecode.swift; path = AppDelegate.swift; sourceTree = "<group>"; };
		3739C9CE1FB136CE00F461A8 /* Assets.xcassets */ = {isa = PBXFileReference; lastKnownFileType = folder.assetcatalog; path = Assets.xcassets; sourceTree = "<group>"; };
		3739C9D11FB136CE00F461A8 /* Base */ = {isa = PBXFileReference; lastKnownFileType = file.storyboard; name = Base; path = Base.lproj/LaunchScreen.storyboard; sourceTree = "<group>"; };
		3739C9D31FB136CE00F461A8 /* Info.plist */ = {isa = PBXFileReference; lastKnownFileType = text.plist.xml; path = Info.plist; sourceTree = "<group>"; };
		3739C9D91FB13B9800F461A8 /* GridViewController.swift */ = {isa = PBXFileReference; lastKnownFileType = sourcecode.swift; path = GridViewController.swift; sourceTree = "<group>"; };
		3739C9DB1FB13BF700F461A8 /* AssetViewController.swift */ = {isa = PBXFileReference; lastKnownFileType = sourcecode.swift; path = AssetViewController.swift; sourceTree = "<group>"; };
		3739C9DD1FB13C0C00F461A8 /* GridViewCell.swift */ = {isa = PBXFileReference; lastKnownFileType = sourcecode.swift; path = GridViewCell.swift; sourceTree = "<group>"; };
		3739C9DF1FB13C3600F461A8 /* AnimatedImageView.swift */ = {isa = PBXFileReference; lastKnownFileType = sourcecode.swift; path = AnimatedImageView.swift; sourceTree = "<group>"; };
		3739C9E11FB13C4D00F461A8 /* AnimatedImage.swift */ = {isa = PBXFileReference; lastKnownFileType = sourcecode.swift; path = AnimatedImage.swift; sourceTree = "<group>"; };
		3739C9E31FB13FC800F461A8 /* RequestAccessViewController.swift */ = {isa = PBXFileReference; lastKnownFileType = sourcecode.swift; path = RequestAccessViewController.swift; sourceTree = "<group>"; };
		373FA05E1FBCD8F100C29902 /* NotchyAlertView.swift */ = {isa = PBXFileReference; lastKnownFileType = sourcecode.swift; path = NotchyAlertView.swift; sourceTree = "<group>"; };
		373FA0671FBD018100C29902 /* NotchyAlertViewController.swift */ = {isa = PBXFileReference; lastKnownFileType = sourcecode.swift; path = NotchyAlertViewController.swift; sourceTree = "<group>"; };
		373FA0691FBD05FC00C29902 /* Montserrat-Regular.otf */ = {isa = PBXFileReference; lastKnownFileType = file; path = "Montserrat-Regular.otf"; sourceTree = "<group>"; };
		373FA06B1FBD065E00C29902 /* UIFont+Notchy.swift */ = {isa = PBXFileReference; lastKnownFileType = sourcecode.swift; path = "UIFont+Notchy.swift"; sourceTree = "<group>"; };
		373FA06D1FBD077F00C29902 /* Montserrat-Medium.otf */ = {isa = PBXFileReference; lastKnownFileType = file; path = "Montserrat-Medium.otf"; sourceTree = "<group>"; };
		373FA0711FBD118400C29902 /* ExtraStuffView.swift */ = {isa = PBXFileReference; lastKnownFileType = sourcecode.swift; path = ExtraStuffView.swift; sourceTree = "<group>"; };
		373FA0731FBE283000C29902 /* ExtraStuffViewController.swift */ = {isa = PBXFileReference; lastKnownFileType = sourcecode.swift; path = ExtraStuffViewController.swift; sourceTree = "<group>"; };
		373FA0751FBE2BFD00C29902 /* NotchyAlertAnimation.swift */ = {isa = PBXFileReference; lastKnownFileType = sourcecode.swift; name = NotchyAlertAnimation.swift; path = Notchy/NotchyAlertAnimation.swift; sourceTree = SOURCE_ROOT; };
		373FA0771FBE67D600C29902 /* ClearBackground.png */ = {isa = PBXFileReference; lastKnownFileType = image.png; path = ClearBackground.png; sourceTree = "<group>"; };
		373FA0791FBE7AB500C29902 /* iPhoneXSpaceGray2.png */ = {isa = PBXFileReference; lastKnownFileType = image.png; path = iPhoneXSpaceGray2.png; sourceTree = "<group>"; };
		374BC9911FB68C7F00FB7AA2 /* WelcomeViewController.swift */ = {isa = PBXFileReference; lastKnownFileType = sourcecode.swift; path = WelcomeViewController.swift; sourceTree = "<group>"; };
		374BC9931FB68FB800FB7AA2 /* RoundedButton.swift */ = {isa = PBXFileReference; lastKnownFileType = sourcecode.swift; path = RoundedButton.swift; sourceTree = "<group>"; };
		37931AC91FB752C700C03BB0 /* AccessDeniedViewController.swift */ = {isa = PBXFileReference; lastKnownFileType = sourcecode.swift; path = AccessDeniedViewController.swift; sourceTree = "<group>"; };
		37931ACB1FB75B4A00C03BB0 /* UIImage+Notchy.swift */ = {isa = PBXFileReference; lastKnownFileType = sourcecode.swift; path = "UIImage+Notchy.swift"; sourceTree = "<group>"; };
		37931ACD1FB7974A00C03BB0 /* SingleImageViewController.swift */ = {isa = PBXFileReference; lastKnownFileType = sourcecode.swift; path = SingleImageViewController.swift; sourceTree = "<group>"; };
		37931ACF1FB7AC5100C03BB0 /* NotchyToolbar.swift */ = {isa = PBXFileReference; lastKnownFileType = sourcecode.swift; path = NotchyToolbar.swift; sourceTree = "<group>"; };
		37931AD11FB7AC9E00C03BB0 /* NotchyGradientView.swift */ = {isa = PBXFileReference; lastKnownFileType = sourcecode.swift; path = NotchyGradientView.swift; sourceTree = "<group>"; };
		37931AD51FB8A8B300C03BB0 /* BlackBackground.png */ = {isa = PBXFileReference; lastKnownFileType = image.png; path = BlackBackground.png; sourceTree = "<group>"; };
		37931AD71FB8D8FF00C03BB0 /* PHAsset+Notchy.swift */ = {isa = PBXFileReference; lastKnownFileType = sourcecode.swift; path = "PHAsset+Notchy.swift"; sourceTree = "<group>"; };
		37AA9EE61FC263C200B20697 /* Defaults.swift */ = {isa = PBXFileReference; lastKnownFileType = sourcecode.swift; path = Defaults.swift; sourceTree = "<group>"; };
		37AA9EE81FC2757100B20697 /* ClearMask.png */ = {isa = PBXFileReference; lastKnownFileType = image.png; path = ClearMask.png; sourceTree = "<group>"; };
		7E91126A6235F663F8BF4023 /* Pods-Notchy.release.xcconfig */ = {isa = PBXFileReference; includeInIndex = 1; lastKnownFileType = text.xcconfig; name = "Pods-Notchy.release.xcconfig"; path = "Pods/Target Support Files/Pods-Notchy/Pods-Notchy.release.xcconfig"; sourceTree = "<group>"; };
		9B5903BFF1D141CF6F0AA328 /* Pods_Notchy.framework */ = {isa = PBXFileReference; explicitFileType = wrapper.framework; includeInIndex = 0; path = Pods_Notchy.framework; sourceTree = BUILT_PRODUCTS_DIR; };
		BA8CE7F71A3B050224084BEF /* Pods-Notchy.debug.xcconfig */ = {isa = PBXFileReference; includeInIndex = 1; lastKnownFileType = text.xcconfig; name = "Pods-Notchy.debug.xcconfig"; path = "Pods/Target Support Files/Pods-Notchy/Pods-Notchy.debug.xcconfig"; sourceTree = "<group>"; };
/* End PBXFileReference section */

/* Begin PBXFrameworksBuildPhase section */
		3739C9C11FB136CE00F461A8 /* Frameworks */ = {
			isa = PBXFrameworksBuildPhase;
			buildActionMask = 2147483647;
			files = (
				C3DA5ABFE88745E627458977 /* Pods_Notchy.framework in Frameworks */,
			);
			runOnlyForDeploymentPostprocessing = 0;
		};
/* End PBXFrameworksBuildPhase section */

/* Begin PBXGroup section */
		37119B1C1FBA770A00322F63 /* Views */ = {
			isa = PBXGroup;
			children = (
				37931AD11FB7AC9E00C03BB0 /* NotchyGradientView.swift */,
				373FA0711FBD118400C29902 /* ExtraStuffView.swift */,
				37119B1D1FBA771300322F63 /* PlainButton.swift */,
				37119B1F1FBA791200322F63 /* ShortPlainButton.swift */,
				37119B211FBA7B6300322F63 /* ShortPlainAlternateButton.swift */,
				374BC9931FB68FB800FB7AA2 /* RoundedButton.swift */,
				37931ACF1FB7AC5100C03BB0 /* NotchyToolbar.swift */,
				3739C9DD1FB13C0C00F461A8 /* GridViewCell.swift */,
				3739C9E11FB13C4D00F461A8 /* AnimatedImage.swift */,
				3739C9DF1FB13C3600F461A8 /* AnimatedImageView.swift */,
				373FA05E1FBCD8F100C29902 /* NotchyAlertView.swift */,
			);
			path = Views;
			sourceTree = "<group>";
		};
		3731B2141FBB913B003A8FD0 /* Font */ = {
			isa = PBXGroup;
			children = (
				373FA0691FBD05FC00C29902 /* Montserrat-Regular.otf */,
				373FA06D1FBD077F00C29902 /* Montserrat-Medium.otf */,
			);
			path = Font;
			sourceTree = "<group>";
		};
		3731B2171FBBA104003A8FD0 /* View Controllers */ = {
			isa = PBXGroup;
			children = (
				3731B2151FBBA101003A8FD0 /* NotchyNavigationController.swift */,
				373FA0671FBD018100C29902 /* NotchyAlertViewController.swift */,
				373FA0731FBE283000C29902 /* ExtraStuffViewController.swift */,
				3739C9D91FB13B9800F461A8 /* GridViewController.swift */,
				3739C9DB1FB13BF700F461A8 /* AssetViewController.swift */,
				3739C9E31FB13FC800F461A8 /* RequestAccessViewController.swift */,
				37931ACD1FB7974A00C03BB0 /* SingleImageViewController.swift */,
				374BC9911FB68C7F00FB7AA2 /* WelcomeViewController.swift */,
				37931AC91FB752C700C03BB0 /* AccessDeniedViewController.swift */,
			);
			path = "View Controllers";
			sourceTree = "<group>";
		};
		3731B2181FBBA12C003A8FD0 /* Extensions */ = {
			isa = PBXGroup;
			children = (
				373FA06B1FBD065E00C29902 /* UIFont+Notchy.swift */,
				37931ACB1FB75B4A00C03BB0 /* UIImage+Notchy.swift */,
				37931AD71FB8D8FF00C03BB0 /* PHAsset+Notchy.swift */,
			);
			path = Extensions;
			sourceTree = "<group>";
		};
		3739C9BB1FB136CE00F461A8 = {
			isa = PBXGroup;
			children = (
				3739C9CE1FB136CE00F461A8 /* Assets.xcassets */,
				3739C9C61FB136CE00F461A8 /* Notchy */,
				3739C9C51FB136CE00F461A8 /* Products */,
				C4D562C171D92AAB13FC5EAE /* Pods */,
				D50BA6DF290288D179ECF420 /* Frameworks */,
			);
			sourceTree = "<group>";
		};
		3739C9C51FB136CE00F461A8 /* Products */ = {
			isa = PBXGroup;
			children = (
				3739C9C41FB136CE00F461A8 /* Notchy.app */,
			);
			name = Products;
			sourceTree = "<group>";
		};
		3739C9C61FB136CE00F461A8 /* Notchy */ = {
			isa = PBXGroup;
			children = (
				3731B2141FBB913B003A8FD0 /* Font */,
				3731B2171FBBA104003A8FD0 /* View Controllers */,
				37119B1C1FBA770A00322F63 /* Views */,
				3731B2181FBBA12C003A8FD0 /* Extensions */,
				373FA0751FBE2BFD00C29902 /* NotchyAlertAnimation.swift */,
				3739C9C71FB136CE00F461A8 /* AppDelegate.swift */,
				37AA9EE61FC263C200B20697 /* Defaults.swift */,
				37AA9EE81FC2757100B20697 /* ClearMask.png */,
				37931AD51FB8A8B300C03BB0 /* BlackBackground.png */,
				373FA0771FBE67D600C29902 /* ClearBackground.png */,
				373FA0791FBE7AB500C29902 /* iPhoneXSpaceGray2.png */,
				3731B2191FBBD431003A8FD0 /* iPhoneXSpaceGray.png */,
				3739C9D01FB136CE00F461A8 /* LaunchScreen.storyboard */,
				3739C9D31FB136CE00F461A8 /* Info.plist */,
			);
			path = Notchy;
			sourceTree = "<group>";
		};
		C4D562C171D92AAB13FC5EAE /* Pods */ = {
			isa = PBXGroup;
			children = (
				BA8CE7F71A3B050224084BEF /* Pods-Notchy.debug.xcconfig */,
				7E91126A6235F663F8BF4023 /* Pods-Notchy.release.xcconfig */,
			);
			name = Pods;
			sourceTree = "<group>";
		};
		D50BA6DF290288D179ECF420 /* Frameworks */ = {
			isa = PBXGroup;
			children = (
				9B5903BFF1D141CF6F0AA328 /* Pods_Notchy.framework */,
			);
			name = Frameworks;
			sourceTree = "<group>";
		};
/* End PBXGroup section */

/* Begin PBXNativeTarget section */
		3739C9C31FB136CE00F461A8 /* Notchy */ = {
			isa = PBXNativeTarget;
			buildConfigurationList = 3739C9D61FB136CE00F461A8 /* Build configuration list for PBXNativeTarget "Notchy" */;
			buildPhases = (
				64810315890C0C0E0F0F7A44 /* [CP] Check Pods Manifest.lock */,
				3739C9C01FB136CE00F461A8 /* Sources */,
				3739C9C11FB136CE00F461A8 /* Frameworks */,
				3739C9C21FB136CE00F461A8 /* Resources */,
				0E7772E4995A64B131127EB5 /* [CP] Embed Pods Frameworks */,
				64A6107CED8C131BA353706A /* [CP] Copy Pods Resources */,
			);
			buildRules = (
			);
			dependencies = (
			);
			name = Notchy;
			productName = Notchy;
			productReference = 3739C9C41FB136CE00F461A8 /* Notchy.app */;
			productType = "com.apple.product-type.application";
		};
/* End PBXNativeTarget section */

/* Begin PBXProject section */
		3739C9BC1FB136CE00F461A8 /* Project object */ = {
			isa = PBXProject;
			attributes = {
				LastSwiftUpdateCheck = 0910;
				LastUpgradeCheck = 0910;
				ORGANIZATIONNAME = "Lionheart Software LLC";
				TargetAttributes = {
					3739C9C31FB136CE00F461A8 = {
						CreatedOnToolsVersion = 9.1;
						ProvisioningStyle = Automatic;
					};
				};
			};
			buildConfigurationList = 3739C9BF1FB136CE00F461A8 /* Build configuration list for PBXProject "Notchy" */;
			compatibilityVersion = "Xcode 8.0";
			developmentRegion = en;
			hasScannedForEncodings = 0;
			knownRegions = (
				en,
				Base,
			);
			mainGroup = 3739C9BB1FB136CE00F461A8;
			productRefGroup = 3739C9C51FB136CE00F461A8 /* Products */;
			projectDirPath = "";
			projectRoot = "";
			targets = (
				3739C9C31FB136CE00F461A8 /* Notchy */,
			);
		};
/* End PBXProject section */

/* Begin PBXResourcesBuildPhase section */
		3739C9C21FB136CE00F461A8 /* Resources */ = {
			isa = PBXResourcesBuildPhase;
			buildActionMask = 2147483647;
			files = (
				37AA9EE91FC2757200B20697 /* ClearMask.png in Resources */,
				3739C9D21FB136CE00F461A8 /* LaunchScreen.storyboard in Resources */,
				3739C9CF1FB136CE00F461A8 /* Assets.xcassets in Resources */,
				373FA0781FBE67D700C29902 /* ClearBackground.png in Resources */,
				3731B21A1FBBD431003A8FD0 /* iPhoneXSpaceGray.png in Resources */,
				373FA07A1FBE7AB600C29902 /* iPhoneXSpaceGray2.png in Resources */,
				37931AD61FB8A8B300C03BB0 /* BlackBackground.png in Resources */,
				373FA06E1FBD077F00C29902 /* Montserrat-Medium.otf in Resources */,
				373FA06A1FBD05FC00C29902 /* Montserrat-Regular.otf in Resources */,
			);
			runOnlyForDeploymentPostprocessing = 0;
		};
/* End PBXResourcesBuildPhase section */

/* Begin PBXShellScriptBuildPhase section */
		0E7772E4995A64B131127EB5 /* [CP] Embed Pods Frameworks */ = {
			isa = PBXShellScriptBuildPhase;
			buildActionMask = 2147483647;
			files = (
			);
			inputPaths = (
				"${SRCROOT}/Pods/Target Support Files/Pods-Notchy/Pods-Notchy-frameworks.sh",
				"${BUILT_PRODUCTS_DIR}/Hero/Hero.framework",
				"${BUILT_PRODUCTS_DIR}/KeyboardAdjuster/KeyboardAdjuster.framework",
				"${BUILT_PRODUCTS_DIR}/LionheartExtensions/LionheartExtensions.framework",
				"${BUILT_PRODUCTS_DIR}/Presentr/Presentr.framework",
				"${BUILT_PRODUCTS_DIR}/QuickTableView/QuickTableView.framework",
				"${BUILT_PRODUCTS_DIR}/SuperLayout/SuperLayout.framework",
				"${BUILT_PRODUCTS_DIR}/SwiftyUserDefaults/SwiftyUserDefaults.framework",
			);
			name = "[CP] Embed Pods Frameworks";
			outputPaths = (
				"${TARGET_BUILD_DIR}/${FRAMEWORKS_FOLDER_PATH}/Hero.framework",
				"${TARGET_BUILD_DIR}/${FRAMEWORKS_FOLDER_PATH}/KeyboardAdjuster.framework",
				"${TARGET_BUILD_DIR}/${FRAMEWORKS_FOLDER_PATH}/LionheartExtensions.framework",
				"${TARGET_BUILD_DIR}/${FRAMEWORKS_FOLDER_PATH}/Presentr.framework",
				"${TARGET_BUILD_DIR}/${FRAMEWORKS_FOLDER_PATH}/QuickTableView.framework",
				"${TARGET_BUILD_DIR}/${FRAMEWORKS_FOLDER_PATH}/SuperLayout.framework",
				"${TARGET_BUILD_DIR}/${FRAMEWORKS_FOLDER_PATH}/SwiftyUserDefaults.framework",
			);
			runOnlyForDeploymentPostprocessing = 0;
			shellPath = /bin/sh;
			shellScript = "\"${SRCROOT}/Pods/Target Support Files/Pods-Notchy/Pods-Notchy-frameworks.sh\"\n";
			showEnvVarsInLog = 0;
		};
		64810315890C0C0E0F0F7A44 /* [CP] Check Pods Manifest.lock */ = {
			isa = PBXShellScriptBuildPhase;
			buildActionMask = 2147483647;
			files = (
			);
			inputPaths = (
				"${PODS_PODFILE_DIR_PATH}/Podfile.lock",
				"${PODS_ROOT}/Manifest.lock",
			);
			name = "[CP] Check Pods Manifest.lock";
			outputPaths = (
				"$(DERIVED_FILE_DIR)/Pods-Notchy-checkManifestLockResult.txt",
			);
			runOnlyForDeploymentPostprocessing = 0;
			shellPath = /bin/sh;
			shellScript = "diff \"${PODS_PODFILE_DIR_PATH}/Podfile.lock\" \"${PODS_ROOT}/Manifest.lock\" > /dev/null\nif [ $? != 0 ] ; then\n    # print error to STDERR\n    echo \"error: The sandbox is not in sync with the Podfile.lock. Run 'pod install' or update your CocoaPods installation.\" >&2\n    exit 1\nfi\n# This output is used by Xcode 'outputs' to avoid re-running this script phase.\necho \"SUCCESS\" > \"${SCRIPT_OUTPUT_FILE_0}\"\n";
			showEnvVarsInLog = 0;
		};
		64A6107CED8C131BA353706A /* [CP] Copy Pods Resources */ = {
			isa = PBXShellScriptBuildPhase;
			buildActionMask = 2147483647;
			files = (
			);
			inputPaths = (
			);
			name = "[CP] Copy Pods Resources";
			outputPaths = (
			);
			runOnlyForDeploymentPostprocessing = 0;
			shellPath = /bin/sh;
			shellScript = "\"${SRCROOT}/Pods/Target Support Files/Pods-Notchy/Pods-Notchy-resources.sh\"\n";
			showEnvVarsInLog = 0;
		};
/* End PBXShellScriptBuildPhase section */

/* Begin PBXSourcesBuildPhase section */
		3739C9C01FB136CE00F461A8 /* Sources */ = {
			isa = PBXSourcesBuildPhase;
			buildActionMask = 2147483647;
			files = (
				37931AD21FB7AC9E00C03BB0 /* NotchyGradientView.swift in Sources */,
				37AA9EE71FC263C200B20697 /* Defaults.swift in Sources */,
				374BC9921FB68C7F00FB7AA2 /* WelcomeViewController.swift in Sources */,
				37931ACA1FB752C700C03BB0 /* AccessDeniedViewController.swift in Sources */,
				373FA0721FBD118400C29902 /* ExtraStuffView.swift in Sources */,
				373FA0741FBE283000C29902 /* ExtraStuffViewController.swift in Sources */,
				374BC9941FB68FB800FB7AA2 /* RoundedButton.swift in Sources */,
				373FA0681FBD018100C29902 /* NotchyAlertViewController.swift in Sources */,
				3739C9DE1FB13C0C00F461A8 /* GridViewCell.swift in Sources */,
				3739C9E41FB13FC800F461A8 /* RequestAccessViewController.swift in Sources */,
				37931AD81FB8D8FF00C03BB0 /* PHAsset+Notchy.swift in Sources */,
				3739C9C81FB136CE00F461A8 /* AppDelegate.swift in Sources */,
				373FA0761FBE2BFD00C29902 /* NotchyAlertAnimation.swift in Sources */,
				37931AD01FB7AC5100C03BB0 /* NotchyToolbar.swift in Sources */,
				3739C9DA1FB13B9800F461A8 /* GridViewController.swift in Sources */,
				3739C9E21FB13C4D00F461A8 /* AnimatedImage.swift in Sources */,
				3739C9DC1FB13BF700F461A8 /* AssetViewController.swift in Sources */,
				37119B1E1FBA771300322F63 /* PlainButton.swift in Sources */,
				3739C9E01FB13C3600F461A8 /* AnimatedImageView.swift in Sources */,
				37119B201FBA791200322F63 /* ShortPlainButton.swift in Sources */,
				37931ACE1FB7974A00C03BB0 /* SingleImageViewController.swift in Sources */,
				373FA06C1FBD065E00C29902 /* UIFont+Notchy.swift in Sources */,
				373FA05F1FBCD8F100C29902 /* NotchyAlertView.swift in Sources */,
				37119B221FBA7B6300322F63 /* ShortPlainAlternateButton.swift in Sources */,
				3731B2161FBBA101003A8FD0 /* NotchyNavigationController.swift in Sources */,
				37931ACC1FB75B4A00C03BB0 /* UIImage+Notchy.swift in Sources */,
			);
			runOnlyForDeploymentPostprocessing = 0;
		};
/* End PBXSourcesBuildPhase section */

/* Begin PBXVariantGroup section */
		3739C9D01FB136CE00F461A8 /* LaunchScreen.storyboard */ = {
			isa = PBXVariantGroup;
			children = (
				3739C9D11FB136CE00F461A8 /* Base */,
			);
			name = LaunchScreen.storyboard;
			sourceTree = "<group>";
		};
/* End PBXVariantGroup section */

/* Begin XCBuildConfiguration section */
		3739C9D41FB136CE00F461A8 /* Debug */ = {
			isa = XCBuildConfiguration;
			buildSettings = {
				ALWAYS_SEARCH_USER_PATHS = NO;
				CLANG_ANALYZER_NONNULL = YES;
				CLANG_ANALYZER_NUMBER_OBJECT_CONVERSION = YES_AGGRESSIVE;
				CLANG_CXX_LANGUAGE_STANDARD = "gnu++14";
				CLANG_CXX_LIBRARY = "libc++";
				CLANG_ENABLE_MODULES = YES;
				CLANG_ENABLE_OBJC_ARC = YES;
				CLANG_WARN_BLOCK_CAPTURE_AUTORELEASING = YES;
				CLANG_WARN_BOOL_CONVERSION = YES;
				CLANG_WARN_COMMA = YES;
				CLANG_WARN_CONSTANT_CONVERSION = YES;
				CLANG_WARN_DIRECT_OBJC_ISA_USAGE = YES_ERROR;
				CLANG_WARN_DOCUMENTATION_COMMENTS = YES;
				CLANG_WARN_EMPTY_BODY = YES;
				CLANG_WARN_ENUM_CONVERSION = YES;
				CLANG_WARN_INFINITE_RECURSION = YES;
				CLANG_WARN_INT_CONVERSION = YES;
				CLANG_WARN_NON_LITERAL_NULL_CONVERSION = YES;
				CLANG_WARN_OBJC_LITERAL_CONVERSION = YES;
				CLANG_WARN_OBJC_ROOT_CLASS = YES_ERROR;
				CLANG_WARN_RANGE_LOOP_ANALYSIS = YES;
				CLANG_WARN_STRICT_PROTOTYPES = YES;
				CLANG_WARN_SUSPICIOUS_MOVE = YES;
				CLANG_WARN_UNGUARDED_AVAILABILITY = YES_AGGRESSIVE;
				CLANG_WARN_UNREACHABLE_CODE = YES;
				CLANG_WARN__DUPLICATE_METHOD_MATCH = YES;
				CODE_SIGN_IDENTITY = "iPhone Developer";
				COPY_PHASE_STRIP = NO;
				CURRENT_PROJECT_VERSION = 33;
				DEBUG_INFORMATION_FORMAT = dwarf;
				ENABLE_STRICT_OBJC_MSGSEND = YES;
				ENABLE_TESTABILITY = YES;
				GCC_C_LANGUAGE_STANDARD = gnu11;
				GCC_DYNAMIC_NO_PIC = NO;
				GCC_NO_COMMON_BLOCKS = YES;
				GCC_OPTIMIZATION_LEVEL = 0;
				GCC_PREPROCESSOR_DEFINITIONS = (
					"DEBUG=1",
					"$(inherited)",
				);
				GCC_WARN_64_TO_32_BIT_CONVERSION = YES;
				GCC_WARN_ABOUT_RETURN_TYPE = YES_ERROR;
				GCC_WARN_UNDECLARED_SELECTOR = YES;
				GCC_WARN_UNINITIALIZED_AUTOS = YES_AGGRESSIVE;
				GCC_WARN_UNUSED_FUNCTION = YES;
				GCC_WARN_UNUSED_VARIABLE = YES;
				IPHONEOS_DEPLOYMENT_TARGET = 11.1;
				MTL_ENABLE_DEBUG_INFO = YES;
				ONLY_ACTIVE_ARCH = YES;
				SDKROOT = iphoneos;
				SWIFT_ACTIVE_COMPILATION_CONDITIONS = DEBUG;
				SWIFT_OPTIMIZATION_LEVEL = "-Onone";
				VERSIONING_SYSTEM = "apple-generic";
			};
			name = Debug;
		};
		3739C9D51FB136CE00F461A8 /* Release */ = {
			isa = XCBuildConfiguration;
			buildSettings = {
				ALWAYS_SEARCH_USER_PATHS = NO;
				CLANG_ANALYZER_NONNULL = YES;
				CLANG_ANALYZER_NUMBER_OBJECT_CONVERSION = YES_AGGRESSIVE;
				CLANG_CXX_LANGUAGE_STANDARD = "gnu++14";
				CLANG_CXX_LIBRARY = "libc++";
				CLANG_ENABLE_MODULES = YES;
				CLANG_ENABLE_OBJC_ARC = YES;
				CLANG_WARN_BLOCK_CAPTURE_AUTORELEASING = YES;
				CLANG_WARN_BOOL_CONVERSION = YES;
				CLANG_WARN_COMMA = YES;
				CLANG_WARN_CONSTANT_CONVERSION = YES;
				CLANG_WARN_DIRECT_OBJC_ISA_USAGE = YES_ERROR;
				CLANG_WARN_DOCUMENTATION_COMMENTS = YES;
				CLANG_WARN_EMPTY_BODY = YES;
				CLANG_WARN_ENUM_CONVERSION = YES;
				CLANG_WARN_INFINITE_RECURSION = YES;
				CLANG_WARN_INT_CONVERSION = YES;
				CLANG_WARN_NON_LITERAL_NULL_CONVERSION = YES;
				CLANG_WARN_OBJC_LITERAL_CONVERSION = YES;
				CLANG_WARN_OBJC_ROOT_CLASS = YES_ERROR;
				CLANG_WARN_RANGE_LOOP_ANALYSIS = YES;
				CLANG_WARN_STRICT_PROTOTYPES = YES;
				CLANG_WARN_SUSPICIOUS_MOVE = YES;
				CLANG_WARN_UNGUARDED_AVAILABILITY = YES_AGGRESSIVE;
				CLANG_WARN_UNREACHABLE_CODE = YES;
				CLANG_WARN__DUPLICATE_METHOD_MATCH = YES;
				CODE_SIGN_IDENTITY = "iPhone Developer";
				COPY_PHASE_STRIP = NO;
				CURRENT_PROJECT_VERSION = 33;
				DEBUG_INFORMATION_FORMAT = "dwarf-with-dsym";
				ENABLE_NS_ASSERTIONS = NO;
				ENABLE_STRICT_OBJC_MSGSEND = YES;
				GCC_C_LANGUAGE_STANDARD = gnu11;
				GCC_NO_COMMON_BLOCKS = YES;
				GCC_WARN_64_TO_32_BIT_CONVERSION = YES;
				GCC_WARN_ABOUT_RETURN_TYPE = YES_ERROR;
				GCC_WARN_UNDECLARED_SELECTOR = YES;
				GCC_WARN_UNINITIALIZED_AUTOS = YES_AGGRESSIVE;
				GCC_WARN_UNUSED_FUNCTION = YES;
				GCC_WARN_UNUSED_VARIABLE = YES;
				IPHONEOS_DEPLOYMENT_TARGET = 11.1;
				MTL_ENABLE_DEBUG_INFO = NO;
				SDKROOT = iphoneos;
				SWIFT_OPTIMIZATION_LEVEL = "-Owholemodule";
				VALIDATE_PRODUCT = YES;
				VERSIONING_SYSTEM = "apple-generic";
			};
			name = Release;
		};
		3739C9D71FB136CE00F461A8 /* Debug */ = {
			isa = XCBuildConfiguration;
			baseConfigurationReference = BA8CE7F71A3B050224084BEF /* Pods-Notchy.debug.xcconfig */;
			buildSettings = {
				ASSETCATALOG_COMPILER_APPICON_NAME = AppIconStrokeWhite;
				"CODE_SIGN_IDENTITY[sdk=iphoneos*]" = "iPhone Developer";
				CODE_SIGN_STYLE = Automatic;
				DEVELOPMENT_TEAM = 63553QQ62F;
				INFOPLIST_FILE = Notchy/Info.plist;
				IPHONEOS_DEPLOYMENT_TARGET = 11.2;
				LD_RUNPATH_SEARCH_PATHS = "$(inherited) @executable_path/Frameworks";
				PRODUCT_BUNDLE_IDENTIFIER = com.lionheartsw.Notchy;
				PRODUCT_NAME = "$(TARGET_NAME)";
				PROVISIONING_PROFILE_SPECIFIER = "";
				SWIFT_VERSION = 4.0;
				TARGETED_DEVICE_FAMILY = 1;
			};
			name = Debug;
		};
		3739C9D81FB136CE00F461A8 /* Release */ = {
			isa = XCBuildConfiguration;
			baseConfigurationReference = 7E91126A6235F663F8BF4023 /* Pods-Notchy.release.xcconfig */;
			buildSettings = {
				ASSETCATALOG_COMPILER_APPICON_NAME = AppIconStrokeWhite;
				"CODE_SIGN_IDENTITY[sdk=iphoneos*]" = "iPhone Developer";
				CODE_SIGN_STYLE = Automatic;
				DEVELOPMENT_TEAM = 63553QQ62F;
				INFOPLIST_FILE = Notchy/Info.plist;
				IPHONEOS_DEPLOYMENT_TARGET = 11.2;
				LD_RUNPATH_SEARCH_PATHS = "$(inherited) @executable_path/Frameworks";
				PRODUCT_BUNDLE_IDENTIFIER = com.lionheartsw.Notchy;
				PRODUCT_NAME = "$(TARGET_NAME)";
				PROVISIONING_PROFILE_SPECIFIER = "";
				SWIFT_VERSION = 4.0;
				TARGETED_DEVICE_FAMILY = 1;
			};
			name = Release;
		};
/* End XCBuildConfiguration section */

/* Begin XCConfigurationList section */
		3739C9BF1FB136CE00F461A8 /* Build configuration list for PBXProject "Notchy" */ = {
			isa = XCConfigurationList;
			buildConfigurations = (
				3739C9D41FB136CE00F461A8 /* Debug */,
				3739C9D51FB136CE00F461A8 /* Release */,
			);
			defaultConfigurationIsVisible = 0;
			defaultConfigurationName = Release;
		};
		3739C9D61FB136CE00F461A8 /* Build configuration list for PBXNativeTarget "Notchy" */ = {
			isa = XCConfigurationList;
			buildConfigurations = (
				3739C9D71FB136CE00F461A8 /* Debug */,
				3739C9D81FB136CE00F461A8 /* Release */,
			);
			defaultConfigurationIsVisible = 0;
			defaultConfigurationName = Release;
		};
/* End XCConfigurationList section */
	};
	rootObject = 3739C9BC1FB136CE00F461A8 /* Project object */;
}
